
Microsoft Visual Studio Solution File, Format Version 11.00
# Visual Studio 2010
Project("{FAE04EC0-301F-11D3-BF4B-00C04F79EFBC}") = "BillRob.Web", "BillRob.Web\BillRob.Web.csproj", "{5E664B73-A425-4792-9F05-477647C27EB3}"
EndProject
Project("{2150E333-8FDC-42A3-9474-1A3956D46DE8}") = "Samples", "Samples", "{B4928468-8B90-424D-BEC4-A84957EB0B29}"
EndProject
Project("{FAE04EC0-301F-11D3-BF4B-00C04F79EFBC}") = "PasswordProtectSites", "Samples\PasswordProtectSites\PasswordProtectSites.csproj", "{F8211B44-A543-4B3F-A58C-B722FCB7F73C}"
EndProject
Global
	GlobalSection(SolutionConfigurationPlatforms) = preSolution
		Debug|Any CPU = Debug|Any CPU
		Release|Any CPU = Release|Any CPU
	EndGlobalSection
	GlobalSection(ProjectConfigurationPlatforms) = postSolution
		{5E664B73-A425-4792-9F05-477647C27EB3}.Debug|Any CPU.ActiveCfg = Debug|Any CPU
		{5E664B73-A425-4792-9F05-477647C27EB3}.Debug|Any CPU.Build.0 = Debug|Any CPU
		{5E664B73-A425-4792-9F05-477647C27EB3}.Release|Any CPU.ActiveCfg = Release|Any CPU
		{5E664B73-A425-4792-9F05-477647C27EB3}.Release|Any CPU.Build.0 = Release|Any CPU
		{F8211B44-A543-4B3F-A58C-B722FCB7F73C}.Debug|Any CPU.ActiveCfg = Debug|Any CPU
		{F8211B44-A543-4B3F-A58C-B722FCB7F73C}.Debug|Any CPU.Build.0 = Debug|Any CPU
		{F8211B44-A543-4B3F-A58C-B722FCB7F73C}.Release|Any CPU.ActiveCfg = Release|Any CPU
		{F8211B44-A543-4B3F-A58C-B722FCB7F73C}.Release|Any CPU.Build.0 = Release|Any CPU
	EndGlobalSection
	GlobalSection(SolutionProperties) = preSolution
		HideSolutionNode = FALSE
	EndGlobalSection
	GlobalSection(NestedProjects) = preSolution
		{F8211B44-A543-4B3F-A58C-B722FCB7F73C} = {B4928468-8B90-424D-BEC4-A84957EB0B29}
	EndGlobalSection
EndGlobal
